
Microsoft Visual Studio Solution File, Format Version 12.00
# Visual Studio Version 17
VisualStudioVersion = 17.11.35219.272
MinimumVisualStudioVersion = 10.0.40219.1
Project("{9A19103F-16F7-4668-BE54-9A1E7A4F7556}") = "TrocaInternet", "TrocaInternet\TrocaInternet.csproj", "{2913FF5D-D43B-4AB7-B00B-FD43B803A4D6}"
EndProject
Global
	GlobalSection(SolutionConfigurationPlatforms) = preSolution
		Debug|Any CPU = Debug|Any CPU
		Release|Any CPU = Release|Any CPU
	EndGlobalSection
	GlobalSection(ProjectConfigurationPlatforms) = postSolution
		{2913FF5D-D43B-4AB7-B00B-FD43B803A4D6}.Debug|Any CPU.ActiveCfg = Debug|Any CPU
		{2913FF5D-D43B-4AB7-B00B-FD43B803A4D6}.Debug|Any CPU.Build.0 = Debug|Any CPU
		{2913FF5D-D43B-4AB7-B00B-FD43B803A4D6}.Release|Any CPU.ActiveCfg = Release|Any CPU
		{2913FF5D-D43B-4AB7-B00B-FD43B803A4D6}.Release|Any CPU.Build.0 = Release|Any CPU
	EndGlobalSection
	GlobalSection(SolutionProperties) = preSolution
		HideSolutionNode = FALSE
	EndGlobalSection
	GlobalSection(ExtensibilityGlobals) = postSolution
		SolutionGuid = {7E201E99-9AC2-4071-9262-F4B8ADFF7DEA}
	EndGlobalSection
EndGlobal
